{
  "name": "anilofficialtech.github.io",
  "lockfileVersion": 2,
  "requires": true,
  "packages": {
    "": {
      "dependencies": {
        "is-language-code": "^5.0.12",
        "langs": "^2.0.0",
        "language-code": "^1.0.0"
      }
    },
    "node_modules/codsen-utils": {
      "version": "1.6.4",
      "resolved": "https://registry.npmjs.org/codsen-utils/-/codsen-utils-1.6.4.tgz",
      "integrity": "sha512-PDyvQ5f2PValmqZZIJATimcokDt4JjIev8cKbZgEOoZm+U1IJDYuLeTcxZPQdep99R/X0RIlQ6ReQgPOVnPbNw==",
      "dependencies": {
        "rfdc": "^1.3.1"
      },
      "engines": {
        "node": ">=14.18.0"
      }
    },
    "node_modules/is-language-code": {
      "version": "5.0.12",
      "resolved": "https://registry.npmjs.org/is-language-code/-/is-language-code-5.0.12.tgz",
      "integrity": "sha512-kla/HWPPsCBQWfWf1Bo7XAj4viZy0NRg3k2KMECgurjGl863zc/vMnxA3uEHUXwtftci9haRM+Vf7U1d4pqbOg==",
      "dependencies": {
        "codsen-utils": "^1.6.4"
      },
      "engines": {
        "node": ">=14.18.0"
      }
    },
    "node_modules/langs": {
      "version": "2.0.0",
      "resolved": "https://registry.npmjs.org/langs/-/langs-2.0.0.tgz",
      "integrity": "sha512-v4pxOBEQVN1WBTfB1crhTtxzNLZU9HPWgadlwzWKISJtt6Ku/CnpBrwVy+jFv8StjxsPfwPFzO0CMwdZLJ0/BA=="
    },
    "node_modules/language-code": {
      "version": "1.0.0",
      "resolved": "https://registry.npmjs.org/language-code/-/language-code-1.0.0.tgz",
      "integrity": "sha512-rMRYKsGFdiF9dmjlJJQehHOY6veax768Kz9vmCpNPZfLgJw4EMfBHJqW4sBbAGTOG5ugxR92vt+t5b+AerrLtQ=="
    },
    "node_modules/rfdc": {
      "version": "1.3.1",
      "resolved": "https://registry.npmjs.org/rfdc/-/rfdc-1.3.1.tgz",
      "integrity": "sha512-r5a3l5HzYlIC68TpmYKlxWjmOP6wiPJ1vWv2HeLhNsRZMrCkxeqxiHlQ21oXmQ4F3SiryXBHhAD7JZqvOJjFmg=="
    }
  },
  "dependencies": {
    "codsen-utils": {
      "version": "1.6.4",
      "resolved": "https://registry.npmjs.org/codsen-utils/-/codsen-utils-1.6.4.tgz",
      "integrity": "sha512-PDyvQ5f2PValmqZZIJATimcokDt4JjIev8cKbZgEOoZm+U1IJDYuLeTcxZPQdep99R/X0RIlQ6ReQgPOVnPbNw==",
      "requires": {
        "rfdc": "^1.3.1"
      }
    },
    "is-language-code": {
      "version": "5.0.12",
      "resolved": "https://registry.npmjs.org/is-language-code/-/is-language-code-5.0.12.tgz",
      "integrity": "sha512-kla/HWPPsCBQWfWf1Bo7XAj4viZy0NRg3k2KMECgurjGl863zc/vMnxA3uEHUXwtftci9haRM+Vf7U1d4pqbOg==",
      "requires": {
        "codsen-utils": "^1.6.4"
      }
    },
    "langs": {
      "version": "2.0.0",
      "resolved": "https://registry.npmjs.org/langs/-/langs-2.0.0.tgz",
      "integrity": "sha512-v4pxOBEQVN1WBTfB1crhTtxzNLZU9HPWgadlwzWKISJtt6Ku/CnpBrwVy+jFv8StjxsPfwPFzO0CMwdZLJ0/BA=="
    },
    "language-code": {
      "version": "1.0.0",
      "resolved": "https://registry.npmjs.org/language-code/-/language-code-1.0.0.tgz",
      "integrity": "sha512-rMRYKsGFdiF9dmjlJJQehHOY6veax768Kz9vmCpNPZfLgJw4EMfBHJqW4sBbAGTOG5ugxR92vt+t5b+AerrLtQ=="
    },
    "rfdc": {
      "version": "1.3.1",
      "resolved": "https://registry.npmjs.org/rfdc/-/rfdc-1.3.1.tgz",
      "integrity": "sha512-r5a3l5HzYlIC68TpmYKlxWjmOP6wiPJ1vWv2HeLhNsRZMrCkxeqxiHlQ21oXmQ4F3SiryXBHhAD7JZqvOJjFmg=="
    }
  }
}
